
Microsoft Visual Studio Solution File, Format Version 12.00
# Visual Studio Version 16
VisualStudioVersion = 16.0.31911.196
MinimumVisualStudioVersion = 10.0.40219.1
Project("{FAE04EC0-301F-11D3-BF4B-00C04F79EFBC}") = "SocialNetwork", "SocialNetwork.csproj", "{1E951FDC-D7FA-4ED1-A995-09AE303E84CD}"
EndProject
Global
	GlobalSection(SolutionConfigurationPlatforms) = preSolution
		Debug|Any CPU = Debug|Any CPU
		Release|Any CPU = Release|Any CPU
	EndGlobalSection
	GlobalSection(ProjectConfigurationPlatforms) = postSolution
		{1E951FDC-D7FA-4ED1-A995-09AE303E84CD}.Debug|Any CPU.ActiveCfg = Debug|Any CPU
		{1E951FDC-D7FA-4ED1-A995-09AE303E84CD}.Debug|Any CPU.Build.0 = Debug|Any CPU
		{1E951FDC-D7FA-4ED1-A995-09AE303E84CD}.Release|Any CPU.ActiveCfg = Release|Any CPU
		{1E951FDC-D7FA-4ED1-A995-09AE303E84CD}.Release|Any CPU.Build.0 = Release|Any CPU
	EndGlobalSection
	GlobalSection(SolutionProperties) = preSolution
		HideSolutionNode = FALSE
	EndGlobalSection
	GlobalSection(ExtensibilityGlobals) = postSolution
		SolutionGuid = {932C605F-0444-4DA5-B93E-DDFA47808D6C}
	EndGlobalSection
EndGlobal
